
Microsoft Visual Studio Solution File, Format Version 12.00
# Visual Studio Version 17
VisualStudioVersion = 17.8.34309.116
MinimumVisualStudioVersion = 10.0.40219.1
Project("{FAE04EC0-301F-11D3-BF4B-00C04F79EFBC}") = "Beauty_Bar_by_ANN", "Beauty_Bar_by_ANN.csproj", "{B9295D16-15BA-48A3-9449-4C61E404C02A}"
EndProject
Global
	GlobalSection(SolutionConfigurationPlatforms) = preSolution
		Debug|Any CPU = Debug|Any CPU
		Release|Any CPU = Release|Any CPU
	EndGlobalSection
	GlobalSection(ProjectConfigurationPlatforms) = postSolution
		{B9295D16-15BA-48A3-9449-4C61E404C02A}.Debug|Any CPU.ActiveCfg = Debug|Any CPU
		{B9295D16-15BA-48A3-9449-4C61E404C02A}.Debug|Any CPU.Build.0 = Debug|Any CPU
		{B9295D16-15BA-48A3-9449-4C61E404C02A}.Release|Any CPU.ActiveCfg = Release|Any CPU
		{B9295D16-15BA-48A3-9449-4C61E404C02A}.Release|Any CPU.Build.0 = Release|Any CPU
	EndGlobalSection
	GlobalSection(SolutionProperties) = preSolution
		HideSolutionNode = FALSE
	EndGlobalSection
	GlobalSection(ExtensibilityGlobals) = postSolution
		SolutionGuid = {F2D880D9-7F64-40BF-9EC3-68E64A7DBBF2}
	EndGlobalSection
EndGlobal
